
Microsoft Visual Studio Solution File, Format Version 12.00
# Visual Studio 15
VisualStudioVersion = 15.0.28307.645
MinimumVisualStudioVersion = 10.0.40219.1
Project("{F184B08F-C81C-45F6-A57F-5ABD9991F28F}") = "Entidades", "Entidades\Entidades.vbproj", "{D6CC5CFB-E7A7-4729-9191-61778A123265}"
EndProject
Project("{F184B08F-C81C-45F6-A57F-5ABD9991F28F}") = "EntidadesTest", "EntidadesTest\EntidadesTest.vbproj", "{D8B60CBA-B7AD-4A08-87E7-9921AF93C3AB}"
EndProject
Global
	GlobalSection(SolutionConfigurationPlatforms) = preSolution
		Debug|Any CPU = Debug|Any CPU
		Release|Any CPU = Release|Any CPU
	EndGlobalSection
	GlobalSection(ProjectConfigurationPlatforms) = postSolution
		{D6CC5CFB-E7A7-4729-9191-61778A123265}.Debug|Any CPU.ActiveCfg = Debug|Any CPU
		{D6CC5CFB-E7A7-4729-9191-61778A123265}.Debug|Any CPU.Build.0 = Debug|Any CPU
		{D6CC5CFB-E7A7-4729-9191-61778A123265}.Release|Any CPU.ActiveCfg = Release|Any CPU
		{D6CC5CFB-E7A7-4729-9191-61778A123265}.Release|Any CPU.Build.0 = Release|Any CPU
		{D8B60CBA-B7AD-4A08-87E7-9921AF93C3AB}.Debug|Any CPU.ActiveCfg = Debug|Any CPU
		{D8B60CBA-B7AD-4A08-87E7-9921AF93C3AB}.Debug|Any CPU.Build.0 = Debug|Any CPU
		{D8B60CBA-B7AD-4A08-87E7-9921AF93C3AB}.Release|Any CPU.ActiveCfg = Release|Any CPU
		{D8B60CBA-B7AD-4A08-87E7-9921AF93C3AB}.Release|Any CPU.Build.0 = Release|Any CPU
	EndGlobalSection
	GlobalSection(SolutionProperties) = preSolution
		HideSolutionNode = FALSE
	EndGlobalSection
	GlobalSection(ExtensibilityGlobals) = postSolution
		SolutionGuid = {CB3D40A5-BFCC-46F0-BB4E-57432DA6D2E0}
	EndGlobalSection
EndGlobal
